
Microsoft Visual Studio Solution File, Format Version 12.00
# Visual Studio 2012
Project("{FAE04EC0-301F-11D3-BF4B-00C04F79EFBC}") = "AkkaNETHelloWorld", "AkkaNETHelloWorld\AkkaNETHelloWorld.csproj", "{1C6D4FAE-4E97-4557-A783-5687ED9240A9}"
EndProject
Global
	GlobalSection(SolutionConfigurationPlatforms) = preSolution
		Debug|Any CPU = Debug|Any CPU
		Release|Any CPU = Release|Any CPU
	EndGlobalSection
	GlobalSection(ProjectConfigurationPlatforms) = postSolution
		{1C6D4FAE-4E97-4557-A783-5687ED9240A9}.Debug|Any CPU.ActiveCfg = Debug|Any CPU
		{1C6D4FAE-4E97-4557-A783-5687ED9240A9}.Debug|Any CPU.Build.0 = Debug|Any CPU
		{1C6D4FAE-4E97-4557-A783-5687ED9240A9}.Release|Any CPU.ActiveCfg = Release|Any CPU
		{1C6D4FAE-4E97-4557-A783-5687ED9240A9}.Release|Any CPU.Build.0 = Release|Any CPU
	EndGlobalSection
	GlobalSection(SolutionProperties) = preSolution
		HideSolutionNode = FALSE
	EndGlobalSection
EndGlobal
